
Microsoft Visual Studio Solution File, Format Version 12.00
# Visual Studio Version 17
VisualStudioVersion = 17.13.35931.197 d17.13
MinimumVisualStudioVersion = 10.0.40219.1
Project("{FAE04EC0-301F-11D3-BF4B-00C04F79EFBC}") = "form_music_player", "form_music_player\form_music_player.csproj", "{DAD1EAB1-7157-4145-9085-F919DBFF4DB3}"
EndProject
Global
	GlobalSection(SolutionConfigurationPlatforms) = preSolution
		Debug|Any CPU = Debug|Any CPU
		Release|Any CPU = Release|Any CPU
	EndGlobalSection
	GlobalSection(ProjectConfigurationPlatforms) = postSolution
		{DAD1EAB1-7157-4145-9085-F919DBFF4DB3}.Debug|Any CPU.ActiveCfg = Debug|Any CPU
		{DAD1EAB1-7157-4145-9085-F919DBFF4DB3}.Debug|Any CPU.Build.0 = Debug|Any CPU
		{DAD1EAB1-7157-4145-9085-F919DBFF4DB3}.Release|Any CPU.ActiveCfg = Release|Any CPU
		{DAD1EAB1-7157-4145-9085-F919DBFF4DB3}.Release|Any CPU.Build.0 = Release|Any CPU
	EndGlobalSection
	GlobalSection(SolutionProperties) = preSolution
		HideSolutionNode = FALSE
	EndGlobalSection
	GlobalSection(ExtensibilityGlobals) = postSolution
		SolutionGuid = {F225030F-1A50-4C56-AC10-D47EA6EFA3B2}
	EndGlobalSection
EndGlobal
